# THIS IS AN AUTOGENERATED FILE. DO NOT EDIT THIS FILE DIRECTLY.
# yarn lockfile v1


jquery@1.12.4:
  version "1.12.4"
  resolved "https://registry.yarnpkg.com/jquery/-/jquery-1.12.4.tgz#01e1dfba290fe73deba77ceeacb0f9ba2fec9e0c"
  integrity sha1-AeHfuikP5z3rp3zurLD5ui/sngw=

taggle@^1.15.0:
  version "1.15.0"
  resolved "https://registry.yarnpkg.com/taggle/-/taggle-1.15.0.tgz#d2efb65872886ea199f39c19ddb4f30b5e205ae9"
  integrity sha512-NW/9NcXj8ZYk1kBojNB9svp4XvpnsS03ryyMLJ6BiHrbDtnL5x1Kf1ASlKsJvnp1bQNuulppo2xQtieu0Qh1yg==
